
Microsoft Visual Studio Solution File, Format Version 12.00
# Visual Studio Version 16
VisualStudioVersion = 16.0.31105.61
MinimumVisualStudioVersion = 10.0.40219.1
Project("{FAE04EC0-301F-11D3-BF4B-00C04F79EFBC}") = "TP4", "TP3\TP4.csproj", "{03FD8D86-6762-4F5E-B9E5-4E95EB1AC976}"
EndProject
Project("{FAE04EC0-301F-11D3-BF4B-00C04F79EFBC}") = "Entidades", "Entidades\Entidades.csproj", "{75516473-07F5-4A30-96A7-3C5BEDAAB8E1}"
EndProject
Project("{FAE04EC0-301F-11D3-BF4B-00C04F79EFBC}") = "Pruebas.Unitarias", "Pruebas.Unitarias\Pruebas.Unitarias.csproj", "{AD867E7C-B0B5-4858-82F0-0CA8F446CA22}"
EndProject
Project("{FAE04EC0-301F-11D3-BF4B-00C04F79EFBC}") = "Forms", "Forms\Forms.csproj", "{53B0EBF9-346D-4B29-B326-8D913545F537}"
EndProject
Project("{2150E333-8FDC-42A3-9474-1A3956D46DE8}") = "TP-04", "TP-04", "{AEC0475B-D0CF-46D1-87B6-9D8C6A9DB368}"
EndProject
Global
	GlobalSection(SolutionConfigurationPlatforms) = preSolution
		Debug|Any CPU = Debug|Any CPU
		Release|Any CPU = Release|Any CPU
	EndGlobalSection
	GlobalSection(ProjectConfigurationPlatforms) = postSolution
		{03FD8D86-6762-4F5E-B9E5-4E95EB1AC976}.Debug|Any CPU.ActiveCfg = Debug|Any CPU
		{03FD8D86-6762-4F5E-B9E5-4E95EB1AC976}.Debug|Any CPU.Build.0 = Debug|Any CPU
		{03FD8D86-6762-4F5E-B9E5-4E95EB1AC976}.Release|Any CPU.ActiveCfg = Release|Any CPU
		{03FD8D86-6762-4F5E-B9E5-4E95EB1AC976}.Release|Any CPU.Build.0 = Release|Any CPU
		{75516473-07F5-4A30-96A7-3C5BEDAAB8E1}.Debug|Any CPU.ActiveCfg = Debug|Any CPU
		{75516473-07F5-4A30-96A7-3C5BEDAAB8E1}.Debug|Any CPU.Build.0 = Debug|Any CPU
		{75516473-07F5-4A30-96A7-3C5BEDAAB8E1}.Release|Any CPU.ActiveCfg = Release|Any CPU
		{75516473-07F5-4A30-96A7-3C5BEDAAB8E1}.Release|Any CPU.Build.0 = Release|Any CPU
		{AD867E7C-B0B5-4858-82F0-0CA8F446CA22}.Debug|Any CPU.ActiveCfg = Debug|Any CPU
		{AD867E7C-B0B5-4858-82F0-0CA8F446CA22}.Debug|Any CPU.Build.0 = Debug|Any CPU
		{AD867E7C-B0B5-4858-82F0-0CA8F446CA22}.Release|Any CPU.ActiveCfg = Release|Any CPU
		{AD867E7C-B0B5-4858-82F0-0CA8F446CA22}.Release|Any CPU.Build.0 = Release|Any CPU
		{53B0EBF9-346D-4B29-B326-8D913545F537}.Debug|Any CPU.ActiveCfg = Debug|Any CPU
		{53B0EBF9-346D-4B29-B326-8D913545F537}.Debug|Any CPU.Build.0 = Debug|Any CPU
		{53B0EBF9-346D-4B29-B326-8D913545F537}.Release|Any CPU.ActiveCfg = Release|Any CPU
		{53B0EBF9-346D-4B29-B326-8D913545F537}.Release|Any CPU.Build.0 = Release|Any CPU
	EndGlobalSection
	GlobalSection(SolutionProperties) = preSolution
		HideSolutionNode = FALSE
	EndGlobalSection
	GlobalSection(NestedProjects) = preSolution
		{03FD8D86-6762-4F5E-B9E5-4E95EB1AC976} = {AEC0475B-D0CF-46D1-87B6-9D8C6A9DB368}
		{75516473-07F5-4A30-96A7-3C5BEDAAB8E1} = {AEC0475B-D0CF-46D1-87B6-9D8C6A9DB368}
		{AD867E7C-B0B5-4858-82F0-0CA8F446CA22} = {AEC0475B-D0CF-46D1-87B6-9D8C6A9DB368}
		{53B0EBF9-346D-4B29-B326-8D913545F537} = {AEC0475B-D0CF-46D1-87B6-9D8C6A9DB368}
	EndGlobalSection
	GlobalSection(ExtensibilityGlobals) = postSolution
		SolutionGuid = {13F91AD4-F22A-483B-8DC0-C5F396214C7E}
	EndGlobalSection
EndGlobal
